<Solution>
  <Folder Name="/src/">
    <Project Path="src/Translator.Api/Translator.Api.csproj" />
    <Project Path="src/Translator.Contracts/Translator.Contracts.csproj" />
    <Project Path="src/Translator.Domain/Translator.Domain.csproj" />
    <Project Path="src/Translator.Edi/Translator.Edi.csproj" />
    <Project Path="src/Translator.Generation/Translator.Generation.csproj" />
  </Folder>
  <Folder Name="/tests/">
    <Project Path="tests/Translator.Api.Tests/Translator.Api.Tests.csproj" />
    <Project Path="tests/Translator.Contracts.Tests/Translator.Contracts.Tests.csproj" />
    <Project Path="tests/Translator.Domain.Tests/Translator.Domain.Tests.csproj" />
    <Project Path="tests/Translator.Edi.Tests/Translator.Edi.Tests.csproj" />
    <Project Path="tests/Translator.Generation.Tests/Translator.Generation.Tests.csproj" />
    <Project Path="tests/Translator.TestSupport/Translator.TestSupport.csproj" />
    <Project Path="tests/Governance.Traceability.Tests/Governance.Traceability.Tests.csproj" />
  </Folder>
</Solution>
