<Solution>
  <Folder Name="/src/">
    <Project Path="src/Governance.Api/Governance.Api.csproj" />
    <Project Path="src/Governance.Contracts/Governance.Contracts.csproj" />
    <Project Path="src/Governance.Domain/Governance.Domain.csproj" />
    <Project Path="src/Governance.Edi/Governance.Edi.csproj" />
    <Project Path="src/Governance.Generation/Governance.Generation.csproj" />
  </Folder>
  <Folder Name="/tests/">
    <Project Path="tests/Governance.Api.Tests/Governance.Api.Tests.csproj" />
    <Project Path="tests/Governance.Contracts.Tests/Governance.Contracts.Tests.csproj" />
    <Project Path="tests/Governance.Domain.Tests/Governance.Domain.Tests.csproj" />
    <Project Path="tests/Governance.Edi.Tests/Governance.Edi.Tests.csproj" />
    <Project Path="tests/Governance.Generation.Tests/Governance.Generation.Tests.csproj" />
    <Project Path="tests/Governance.TestSupport/Governance.TestSupport.csproj" />
    <Project Path="tests/Governance.Traceability.Tests/Governance.Traceability.Tests.csproj" />
  </Folder>
</Solution>
